// !$*UTF8*$!
{
	archiveVersion = 1;
	classes = {
	};
	objectVersion = 50;
	objects = {

/* Begin PBXBuildFile section */
		110C64CD26738B6F00C3E7CF /* SwiftUI_BootcampApp.swift in Sources */ = {isa = PBXBuildFile; fileRef = 110C64CC26738B6F00C3E7CF /* SwiftUI_BootcampApp.swift */; };
		110C64CF26738B6F00C3E7CF /* ContentView.swift in Sources */ = {isa = PBXBuildFile; fileRef = 110C64CE26738B6F00C3E7CF /* ContentView.swift */; };
		110C64D126738B7200C3E7CF /* Assets.xcassets in Resources */ = {isa = PBXBuildFile; fileRef = 110C64D026738B7200C3E7CF /* Assets.xcassets */; };
		110C64D426738B7200C3E7CF /* Preview Assets.xcassets in Resources */ = {isa = PBXBuildFile; fileRef = 110C64D326738B7200C3E7CF /* Preview Assets.xcassets */; };
		110C64DD26738DC900C3E7CF /* Text_.swift in Sources */ = {isa = PBXBuildFile; fileRef = 110C64DC26738DC900C3E7CF /* Text_.swift */; };
		110C64DF267390F900C3E7CF /* Shape_.swift in Sources */ = {isa = PBXBuildFile; fileRef = 110C64DE267390F900C3E7CF /* Shape_.swift */; };
		110C64E126739A8E00C3E7CF /* Color_.swift in Sources */ = {isa = PBXBuildFile; fileRef = 110C64E026739A8E00C3E7CF /* Color_.swift */; };
		110C64E326739E4B00C3E7CF /* Gradients_.swift in Sources */ = {isa = PBXBuildFile; fileRef = 110C64E226739E4B00C3E7CF /* Gradients_.swift */; };
		110C64E52673A9D900C3E7CF /* Icon_.swift in Sources */ = {isa = PBXBuildFile; fileRef = 110C64E42673A9D900C3E7CF /* Icon_.swift */; };
		113A56CE26B9CE2B00FD62D0 /* DownloadJSONDataFromInternet.swift in Sources */ = {isa = PBXBuildFile; fileRef = 113A56CD26B9CE2B00FD62D0 /* DownloadJSONDataFromInternet.swift */; };
		1147E6972696FE2C00697A11 /* Codable_.swift in Sources */ = {isa = PBXBuildFile; fileRef = 1147E6962696FE2C00697A11 /* Codable_.swift */; };
		1161798826872BBC002BF371 /* MagnificationGesture_.swift in Sources */ = {isa = PBXBuildFile; fileRef = 1161798726872BBC002BF371 /* MagnificationGesture_.swift */; };
		1173A7962696F31B00E24332 /* FruitsContainer.xcdatamodeld in Sources */ = {isa = PBXBuildFile; fileRef = 1173A7942696F31B00E24332 /* FruitsContainer.xcdatamodeld */; };
		1180A348269F166A004E8E85 /* QueuesAndThreads.swift in Sources */ = {isa = PBXBuildFile; fileRef = 1180A347269F166A004E8E85 /* QueuesAndThreads.swift */; };
		1180A34A269F1D54004E8E85 /* WeakSelf_.swift in Sources */ = {isa = PBXBuildFile; fileRef = 1180A349269F1D54004E8E85 /* WeakSelf_.swift */; };
		1180A34C269F2736004E8E85 /* TypeAlias_.swift in Sources */ = {isa = PBXBuildFile; fileRef = 1180A34B269F2736004E8E85 /* TypeAlias_.swift */; };
		1180A34E269F2963004E8E85 /* @escaping_.swift in Sources */ = {isa = PBXBuildFile; fileRef = 1180A34D269F2963004E8E85 /* @escaping_.swift */; };
		11A50501268526BF005FD3B6 /* ForEach_.swift in Sources */ = {isa = PBXBuildFile; fileRef = 11A50500268526BF005FD3B6 /* ForEach_.swift */; };
		11A5050326852A6B005FD3B6 /* ScrollView_.swift in Sources */ = {isa = PBXBuildFile; fileRef = 11A5050226852A6B005FD3B6 /* ScrollView_.swift */; };
		11A5050526852D28005FD3B6 /* LazyGrid_.swift in Sources */ = {isa = PBXBuildFile; fileRef = 11A5050426852D28005FD3B6 /* LazyGrid_.swift */; };
		11A505072685354F005FD3B6 /* Binding_.swift in Sources */ = {isa = PBXBuildFile; fileRef = 11A505062685354F005FD3B6 /* Binding_.swift */; };
		11A5050A2685389C005FD3B6 /* LongPressGesture_.swift in Sources */ = {isa = PBXBuildFile; fileRef = 11A505092685389C005FD3B6 /* LongPressGesture_.swift */; };
		11BF96382688CF0D00EE6697 /* ScrollViewReader_.swift in Sources */ = {isa = PBXBuildFile; fileRef = 11BF96372688CF0D00EE6697 /* ScrollViewReader_.swift */; };
		11BF963A2689BC4600EE6697 /* GeometryReader_.swift in Sources */ = {isa = PBXBuildFile; fileRef = 11BF96392689BC4600EE6697 /* GeometryReader_.swift */; };
		11BF963C2689C34600EE6697 /* MultipleSheetsFromSingleView_.swift in Sources */ = {isa = PBXBuildFile; fileRef = 11BF963B2689C34600EE6697 /* MultipleSheetsFromSingleView_.swift */; };
		11BF963E2689CB5A00EE6697 /* Mask_.swift in Sources */ = {isa = PBXBuildFile; fileRef = 11BF963D2689CB5A00EE6697 /* Mask_.swift */; };
		11BF96402689D5BC00EE6697 /* SoundEffects.swift in Sources */ = {isa = PBXBuildFile; fileRef = 11BF963F2689D5BC00EE6697 /* SoundEffects.swift */; };
		11BF96442689D92A00EE6697 /* badum.mp3 in Resources */ = {isa = PBXBuildFile; fileRef = 11BF96422689D92900EE6697 /* badum.mp3 */; };
		11BF96452689D92A00EE6697 /* tada.mp3 in Resources */ = {isa = PBXBuildFile; fileRef = 11BF96432689D92A00EE6697 /* tada.mp3 */; };
		11BF96472689DBD300EE6697 /* Haptics_.swift in Sources */ = {isa = PBXBuildFile; fileRef = 11BF96462689DBD300EE6697 /* Haptics_.swift */; };
		11BF96492689E2A500EE6697 /* CoreData_.swift in Sources */ = {isa = PBXBuildFile; fileRef = 11BF96482689E2A500EE6697 /* CoreData_.swift */; };
		11DBF3F02684EB1300BF6B80 /* Image_.swift in Sources */ = {isa = PBXBuildFile; fileRef = 11DBF3EF2684EB1300BF6B80 /* Image_.swift */; };
		11DBF3F22684EDBA00BF6B80 /* Frame_.swift in Sources */ = {isa = PBXBuildFile; fileRef = 11DBF3F12684EDBA00BF6B80 /* Frame_.swift */; };
		11DBF3F42684F2ED00BF6B80 /* BackgroundsAndOverlays.swift in Sources */ = {isa = PBXBuildFile; fileRef = 11DBF3F32684F2ED00BF6B80 /* BackgroundsAndOverlays.swift */; };
		11DBF3F62685216900BF6B80 /* Stacks_.swift in Sources */ = {isa = PBXBuildFile; fileRef = 11DBF3F52685216900BF6B80 /* Stacks_.swift */; };
		11DBF3F8268521D900BF6B80 /* Spacer_.swift in Sources */ = {isa = PBXBuildFile; fileRef = 11DBF3F7268521D900BF6B80 /* Spacer_.swift */; };
		11DBF3FA2685224B00BF6B80 /* Initializer_.swift in Sources */ = {isa = PBXBuildFile; fileRef = 11DBF3F92685224B00BF6B80 /* Initializer_.swift */; };
		11E053CF26BAC57900C5FB75 /* DownloadJSONDataWithCombine.swift in Sources */ = {isa = PBXBuildFile; fileRef = 11E053CE26BAC57900C5FB75 /* DownloadJSONDataWithCombine.swift */; };
		11E053D126BB20B200C5FB75 /* Timer_.swift in Sources */ = {isa = PBXBuildFile; fileRef = 11E053D026BB20B200C5FB75 /* Timer_.swift */; };
		11F045772688BDBE00C75106 /* RotationGesture_.swift in Sources */ = {isa = PBXBuildFile; fileRef = 11F045762688BDBE00C75106 /* RotationGesture_.swift */; };
		11F045792688C00A00C75106 /* DragGesture_.swift in Sources */ = {isa = PBXBuildFile; fileRef = 11F045782688C00A00C75106 /* DragGesture_.swift */; };
		11F0457B2688C53A00C75106 /* DragGestureTwo_.swift in Sources */ = {isa = PBXBuildFile; fileRef = 11F0457A2688C53A00C75106 /* DragGestureTwo_.swift */; };
/* End PBXBuildFile section */

/* Begin PBXFileReference section */
		110C64C926738B6F00C3E7CF /* SwiftUI-Bootcamp.app */ = {isa = PBXFileReference; explicitFileType = wrapper.application; includeInIndex = 0; path = "SwiftUI-Bootcamp.app"; sourceTree = BUILT_PRODUCTS_DIR; };
		110C64CC26738B6F00C3E7CF /* SwiftUI_BootcampApp.swift */ = {isa = PBXFileReference; lastKnownFileType = sourcecode.swift; path = SwiftUI_BootcampApp.swift; sourceTree = "<group>"; };
		110C64CE26738B6F00C3E7CF /* ContentView.swift */ = {isa = PBXFileReference; lastKnownFileType = sourcecode.swift; path = ContentView.swift; sourceTree = "<group>"; };
		110C64D026738B7200C3E7CF /* Assets.xcassets */ = {isa = PBXFileReference; lastKnownFileType = folder.assetcatalog; path = Assets.xcassets; sourceTree = "<group>"; };
		110C64D326738B7200C3E7CF /* Preview Assets.xcassets */ = {isa = PBXFileReference; lastKnownFileType = folder.assetcatalog; path = "Preview Assets.xcassets"; sourceTree = "<group>"; };
		110C64D526738B7200C3E7CF /* Info.plist */ = {isa = PBXFileReference; lastKnownFileType = text.plist.xml; path = Info.plist; sourceTree = "<group>"; };
		110C64DC26738DC900C3E7CF /* Text_.swift */ = {isa = PBXFileReference; lastKnownFileType = sourcecode.swift; path = Text_.swift; sourceTree = "<group>"; };
		110C64DE267390F900C3E7CF /* Shape_.swift */ = {isa = PBXFileReference; lastKnownFileType = sourcecode.swift; path = Shape_.swift; sourceTree = "<group>"; };
		110C64E026739A8E00C3E7CF /* Color_.swift */ = {isa = PBXFileReference; lastKnownFileType = sourcecode.swift; path = Color_.swift; sourceTree = "<group>"; };
		110C64E226739E4B00C3E7CF /* Gradients_.swift */ = {isa = PBXFileReference; lastKnownFileType = sourcecode.swift; path = Gradients_.swift; sourceTree = "<group>"; };
		110C64E42673A9D900C3E7CF /* Icon_.swift */ = {isa = PBXFileReference; lastKnownFileType = sourcecode.swift; path = Icon_.swift; sourceTree = "<group>"; };
		113A56CD26B9CE2B00FD62D0 /* DownloadJSONDataFromInternet.swift */ = {isa = PBXFileReference; lastKnownFileType = sourcecode.swift; path = DownloadJSONDataFromInternet.swift; sourceTree = "<group>"; };
		1147E6962696FE2C00697A11 /* Codable_.swift */ = {isa = PBXFileReference; lastKnownFileType = sourcecode.swift; path = Codable_.swift; sourceTree = "<group>"; };
		1161798726872BBC002BF371 /* MagnificationGesture_.swift */ = {isa = PBXFileReference; lastKnownFileType = sourcecode.swift; path = MagnificationGesture_.swift; sourceTree = "<group>"; };
		1173A7952696F31B00E24332 /* FruitsContainer.xcdatamodel */ = {isa = PBXFileReference; lastKnownFileType = wrapper.xcdatamodel; path = FruitsContainer.xcdatamodel; sourceTree = "<group>"; };
		1180A347269F166A004E8E85 /* QueuesAndThreads.swift */ = {isa = PBXFileReference; lastKnownFileType = sourcecode.swift; path = QueuesAndThreads.swift; sourceTree = "<group>"; };
		1180A349269F1D54004E8E85 /* WeakSelf_.swift */ = {isa = PBXFileReference; lastKnownFileType = sourcecode.swift; path = WeakSelf_.swift; sourceTree = "<group>"; };
		1180A34B269F2736004E8E85 /* TypeAlias_.swift */ = {isa = PBXFileReference; lastKnownFileType = sourcecode.swift; path = TypeAlias_.swift; sourceTree = "<group>"; };
		1180A34D269F2963004E8E85 /* @escaping_.swift */ = {isa = PBXFileReference; lastKnownFileType = sourcecode.swift; path = "@escaping_.swift"; sourceTree = "<group>"; };
		11A50500268526BF005FD3B6 /* ForEach_.swift */ = {isa = PBXFileReference; lastKnownFileType = sourcecode.swift; path = ForEach_.swift; sourceTree = "<group>"; };
		11A5050226852A6B005FD3B6 /* ScrollView_.swift */ = {isa = PBXFileReference; lastKnownFileType = sourcecode.swift; path = ScrollView_.swift; sourceTree = "<group>"; };
		11A5050426852D28005FD3B6 /* LazyGrid_.swift */ = {isa = PBXFileReference; lastKnownFileType = sourcecode.swift; path = LazyGrid_.swift; sourceTree = "<group>"; };
		11A505062685354F005FD3B6 /* Binding_.swift */ = {isa = PBXFileReference; lastKnownFileType = sourcecode.swift; path = Binding_.swift; sourceTree = "<group>"; };
		11A505092685389C005FD3B6 /* LongPressGesture_.swift */ = {isa = PBXFileReference; lastKnownFileType = sourcecode.swift; path = LongPressGesture_.swift; sourceTree = "<group>"; };
		11BF96372688CF0D00EE6697 /* ScrollViewReader_.swift */ = {isa = PBXFileReference; lastKnownFileType = sourcecode.swift; path = ScrollViewReader_.swift; sourceTree = "<group>"; };
		11BF96392689BC4600EE6697 /* GeometryReader_.swift */ = {isa = PBXFileReference; lastKnownFileType = sourcecode.swift; path = GeometryReader_.swift; sourceTree = "<group>"; };
		11BF963B2689C34600EE6697 /* MultipleSheetsFromSingleView_.swift */ = {isa = PBXFileReference; lastKnownFileType = sourcecode.swift; path = MultipleSheetsFromSingleView_.swift; sourceTree = "<group>"; };
		11BF963D2689CB5A00EE6697 /* Mask_.swift */ = {isa = PBXFileReference; lastKnownFileType = sourcecode.swift; path = Mask_.swift; sourceTree = "<group>"; };
		11BF963F2689D5BC00EE6697 /* SoundEffects.swift */ = {isa = PBXFileReference; lastKnownFileType = sourcecode.swift; path = SoundEffects.swift; sourceTree = "<group>"; };
		11BF96422689D92900EE6697 /* badum.mp3 */ = {isa = PBXFileReference; lastKnownFileType = audio.mp3; path = badum.mp3; sourceTree = "<group>"; };
		11BF96432689D92A00EE6697 /* tada.mp3 */ = {isa = PBXFileReference; lastKnownFileType = audio.mp3; path = tada.mp3; sourceTree = "<group>"; };
		11BF96462689DBD300EE6697 /* Haptics_.swift */ = {isa = PBXFileReference; lastKnownFileType = sourcecode.swift; path = Haptics_.swift; sourceTree = "<group>"; };
		11BF96482689E2A500EE6697 /* CoreData_.swift */ = {isa = PBXFileReference; lastKnownFileType = sourcecode.swift; path = CoreData_.swift; sourceTree = "<group>"; };
		11DBF3EF2684EB1300BF6B80 /* Image_.swift */ = {isa = PBXFileReference; lastKnownFileType = sourcecode.swift; path = Image_.swift; sourceTree = "<group>"; };
		11DBF3F12684EDBA00BF6B80 /* Frame_.swift */ = {isa = PBXFileReference; lastKnownFileType = sourcecode.swift; path = Frame_.swift; sourceTree = "<group>"; };
		11DBF3F32684F2ED00BF6B80 /* BackgroundsAndOverlays.swift */ = {isa = PBXFileReference; lastKnownFileType = sourcecode.swift; path = BackgroundsAndOverlays.swift; sourceTree = "<group>"; };
		11DBF3F52685216900BF6B80 /* Stacks_.swift */ = {isa = PBXFileReference; lastKnownFileType = sourcecode.swift; path = Stacks_.swift; sourceTree = "<group>"; };
		11DBF3F7268521D900BF6B80 /* Spacer_.swift */ = {isa = PBXFileReference; lastKnownFileType = sourcecode.swift; path = Spacer_.swift; sourceTree = "<group>"; };
		11DBF3F92685224B00BF6B80 /* Initializer_.swift */ = {isa = PBXFileReference; lastKnownFileType = sourcecode.swift; path = Initializer_.swift; sourceTree = "<group>"; };
		11E053CE26BAC57900C5FB75 /* DownloadJSONDataWithCombine.swift */ = {isa = PBXFileReference; lastKnownFileType = sourcecode.swift; path = DownloadJSONDataWithCombine.swift; sourceTree = "<group>"; };
		11E053D026BB20B200C5FB75 /* Timer_.swift */ = {isa = PBXFileReference; lastKnownFileType = sourcecode.swift; path = Timer_.swift; sourceTree = "<group>"; };
		11F045762688BDBE00C75106 /* RotationGesture_.swift */ = {isa = PBXFileReference; lastKnownFileType = sourcecode.swift; path = RotationGesture_.swift; sourceTree = "<group>"; };
		11F045782688C00A00C75106 /* DragGesture_.swift */ = {isa = PBXFileReference; lastKnownFileType = sourcecode.swift; path = DragGesture_.swift; sourceTree = "<group>"; };
		11F0457A2688C53A00C75106 /* DragGestureTwo_.swift */ = {isa = PBXFileReference; lastKnownFileType = sourcecode.swift; path = DragGestureTwo_.swift; sourceTree = "<group>"; };
/* End PBXFileReference section */

/* Begin PBXFrameworksBuildPhase section */
		110C64C626738B6F00C3E7CF /* Frameworks */ = {
			isa = PBXFrameworksBuildPhase;
			buildActionMask = 2147483647;
			files = (
			);
			runOnlyForDeploymentPostprocessing = 0;
		};
/* End PBXFrameworksBuildPhase section */

/* Begin PBXGroup section */
		110C64C026738B6F00C3E7CF = {
			isa = PBXGroup;
			children = (
				110C64CB26738B6F00C3E7CF /* SwiftUI-Bootcamp */,
				110C64CA26738B6F00C3E7CF /* Products */,
			);
			sourceTree = "<group>";
		};
		110C64CA26738B6F00C3E7CF /* Products */ = {
			isa = PBXGroup;
			children = (
				110C64C926738B6F00C3E7CF /* SwiftUI-Bootcamp.app */,
			);
			name = Products;
			sourceTree = "<group>";
		};
		110C64CB26738B6F00C3E7CF /* SwiftUI-Bootcamp */ = {
			isa = PBXGroup;
			children = (
				11A505082685383A005FD3B6 /* Intermediate */,
				110C64DB26738DAD00C3E7CF /* Bootcamps */,
				110C64CC26738B6F00C3E7CF /* SwiftUI_BootcampApp.swift */,
				110C64CE26738B6F00C3E7CF /* ContentView.swift */,
				110C64D026738B7200C3E7CF /* Assets.xcassets */,
				110C64D526738B7200C3E7CF /* Info.plist */,
				110C64D226738B7200C3E7CF /* Preview Content */,
			);
			path = "SwiftUI-Bootcamp";
			sourceTree = "<group>";
		};
		110C64D226738B7200C3E7CF /* Preview Content */ = {
			isa = PBXGroup;
			children = (
				110C64D326738B7200C3E7CF /* Preview Assets.xcassets */,
			);
			path = "Preview Content";
			sourceTree = "<group>";
		};
		110C64DB26738DAD00C3E7CF /* Bootcamps */ = {
			isa = PBXGroup;
			children = (
				110C64DC26738DC900C3E7CF /* Text_.swift */,
				110C64DE267390F900C3E7CF /* Shape_.swift */,
				110C64E026739A8E00C3E7CF /* Color_.swift */,
				11A50500268526BF005FD3B6 /* ForEach_.swift */,
				110C64E226739E4B00C3E7CF /* Gradients_.swift */,
				11DBF3F7268521D900BF6B80 /* Spacer_.swift */,
				110C64E42673A9D900C3E7CF /* Icon_.swift */,
				11DBF3EF2684EB1300BF6B80 /* Image_.swift */,
				11DBF3F12684EDBA00BF6B80 /* Frame_.swift */,
				11DBF3F32684F2ED00BF6B80 /* BackgroundsAndOverlays.swift */,
				11DBF3F52685216900BF6B80 /* Stacks_.swift */,
				11DBF3F92685224B00BF6B80 /* Initializer_.swift */,
				11A5050226852A6B005FD3B6 /* ScrollView_.swift */,
				11A5050426852D28005FD3B6 /* LazyGrid_.swift */,
				11A505062685354F005FD3B6 /* Binding_.swift */,
			);
			path = Bootcamps;
			sourceTree = "<group>";
		};
		1173A7932696F2F200E24332 /* CoreData_ */ = {
			isa = PBXGroup;
			children = (
				11BF96482689E2A500EE6697 /* CoreData_.swift */,
				1173A7942696F31B00E24332 /* FruitsContainer.xcdatamodeld */,
			);
			path = CoreData_;
			sourceTree = "<group>";
		};
		11A505082685383A005FD3B6 /* Intermediate */ = {
			isa = PBXGroup;
			children = (
				11BF96412689D91500EE6697 /* Sounds */,
				11A505092685389C005FD3B6 /* LongPressGesture_.swift */,
				1161798726872BBC002BF371 /* MagnificationGesture_.swift */,
				11F045762688BDBE00C75106 /* RotationGesture_.swift */,
				11F045782688C00A00C75106 /* DragGesture_.swift */,
				11F0457A2688C53A00C75106 /* DragGestureTwo_.swift */,
				11BF96372688CF0D00EE6697 /* ScrollViewReader_.swift */,
				11BF96392689BC4600EE6697 /* GeometryReader_.swift */,
				11BF963B2689C34600EE6697 /* MultipleSheetsFromSingleView_.swift */,
				11BF963D2689CB5A00EE6697 /* Mask_.swift */,
				11BF963F2689D5BC00EE6697 /* SoundEffects.swift */,
				11BF96462689DBD300EE6697 /* Haptics_.swift */,
				1173A7932696F2F200E24332 /* CoreData_ */,
				1147E6962696FE2C00697A11 /* Codable_.swift */,
				1180A347269F166A004E8E85 /* QueuesAndThreads.swift */,
				1180A349269F1D54004E8E85 /* WeakSelf_.swift */,
				1180A34B269F2736004E8E85 /* TypeAlias_.swift */,
				1180A34D269F2963004E8E85 /* @escaping_.swift */,
				113A56CD26B9CE2B00FD62D0 /* DownloadJSONDataFromInternet.swift */,
				11E053CE26BAC57900C5FB75 /* DownloadJSONDataWithCombine.swift */,
				11E053D026BB20B200C5FB75 /* Timer_.swift */,
			);
			path = Intermediate;
			sourceTree = "<group>";
		};
		11BF96412689D91500EE6697 /* Sounds */ = {
			isa = PBXGroup;
			children = (
				11BF96422689D92900EE6697 /* badum.mp3 */,
				11BF96432689D92A00EE6697 /* tada.mp3 */,
			);
			path = Sounds;
			sourceTree = "<group>";
		};
/* End PBXGroup section */

/* Begin PBXNativeTarget section */
		110C64C826738B6F00C3E7CF /* SwiftUI-Bootcamp */ = {
			isa = PBXNativeTarget;
			buildConfigurationList = 110C64D826738B7200C3E7CF /* Build configuration list for PBXNativeTarget "SwiftUI-Bootcamp" */;
			buildPhases = (
				110C64C526738B6F00C3E7CF /* Sources */,
				110C64C626738B6F00C3E7CF /* Frameworks */,
				110C64C726738B6F00C3E7CF /* Resources */,
			);
			buildRules = (
			);
			dependencies = (
			);
			name = "SwiftUI-Bootcamp";
			productName = "SwiftUI-Bootcamp";
			productReference = 110C64C926738B6F00C3E7CF /* SwiftUI-Bootcamp.app */;
			productType = "com.apple.product-type.application";
		};
/* End PBXNativeTarget section */

/* Begin PBXProject section */
		110C64C126738B6F00C3E7CF /* Project object */ = {
			isa = PBXProject;
			attributes = {
				LastSwiftUpdateCheck = 1250;
				LastUpgradeCheck = 1250;
				TargetAttributes = {
					110C64C826738B6F00C3E7CF = {
						CreatedOnToolsVersion = 12.5;
					};
				};
			};
			buildConfigurationList = 110C64C426738B6F00C3E7CF /* Build configuration list for PBXProject "SwiftUI-Bootcamp" */;
			compatibilityVersion = "Xcode 9.3";
			developmentRegion = en;
			hasScannedForEncodings = 0;
			knownRegions = (
				en,
				Base,
			);
			mainGroup = 110C64C026738B6F00C3E7CF;
			productRefGroup = 110C64CA26738B6F00C3E7CF /* Products */;
			projectDirPath = "";
			projectRoot = "";
			targets = (
				110C64C826738B6F00C3E7CF /* SwiftUI-Bootcamp */,
			);
		};
/* End PBXProject section */

/* Begin PBXResourcesBuildPhase section */
		110C64C726738B6F00C3E7CF /* Resources */ = {
			isa = PBXResourcesBuildPhase;
			buildActionMask = 2147483647;
			files = (
				11BF96452689D92A00EE6697 /* tada.mp3 in Resources */,
				110C64D426738B7200C3E7CF /* Preview Assets.xcassets in Resources */,
				11BF96442689D92A00EE6697 /* badum.mp3 in Resources */,
				110C64D126738B7200C3E7CF /* Assets.xcassets in Resources */,
			);
			runOnlyForDeploymentPostprocessing = 0;
		};
/* End PBXResourcesBuildPhase section */

/* Begin PBXSourcesBuildPhase section */
		110C64C526738B6F00C3E7CF /* Sources */ = {
			isa = PBXSourcesBuildPhase;
			buildActionMask = 2147483647;
			files = (
				11DBF3FA2685224B00BF6B80 /* Initializer_.swift in Sources */,
				11A5050A2685389C005FD3B6 /* LongPressGesture_.swift in Sources */,
				110C64E52673A9D900C3E7CF /* Icon_.swift in Sources */,
				11DBF3F02684EB1300BF6B80 /* Image_.swift in Sources */,
				11A5050526852D28005FD3B6 /* LazyGrid_.swift in Sources */,
				11DBF3F62685216900BF6B80 /* Stacks_.swift in Sources */,
				11F045792688C00A00C75106 /* DragGesture_.swift in Sources */,
				1180A348269F166A004E8E85 /* QueuesAndThreads.swift in Sources */,
				11DBF3F42684F2ED00BF6B80 /* BackgroundsAndOverlays.swift in Sources */,
				11A505072685354F005FD3B6 /* Binding_.swift in Sources */,
				113A56CE26B9CE2B00FD62D0 /* DownloadJSONDataFromInternet.swift in Sources */,
				11BF96492689E2A500EE6697 /* CoreData_.swift in Sources */,
				110C64DD26738DC900C3E7CF /* Text_.swift in Sources */,
				11DBF3F8268521D900BF6B80 /* Spacer_.swift in Sources */,
				1173A7962696F31B00E24332 /* FruitsContainer.xcdatamodeld in Sources */,
				110C64E126739A8E00C3E7CF /* Color_.swift in Sources */,
				11BF96382688CF0D00EE6697 /* ScrollViewReader_.swift in Sources */,
				110C64CF26738B6F00C3E7CF /* ContentView.swift in Sources */,
				11BF963A2689BC4600EE6697 /* GeometryReader_.swift in Sources */,
				11BF963E2689CB5A00EE6697 /* Mask_.swift in Sources */,
				11DBF3F22684EDBA00BF6B80 /* Frame_.swift in Sources */,
				1180A34C269F2736004E8E85 /* TypeAlias_.swift in Sources */,
				1161798826872BBC002BF371 /* MagnificationGesture_.swift in Sources */,
				11BF963C2689C34600EE6697 /* MultipleSheetsFromSingleView_.swift in Sources */,
				1180A34E269F2963004E8E85 /* @escaping_.swift in Sources */,
				110C64CD26738B6F00C3E7CF /* SwiftUI_BootcampApp.swift in Sources */,
				11E053CF26BAC57900C5FB75 /* DownloadJSONDataWithCombine.swift in Sources */,
				11BF96472689DBD300EE6697 /* Haptics_.swift in Sources */,
				1147E6972696FE2C00697A11 /* Codable_.swift in Sources */,
				11F045772688BDBE00C75106 /* RotationGesture_.swift in Sources */,
				110C64DF267390F900C3E7CF /* Shape_.swift in Sources */,
				11A50501268526BF005FD3B6 /* ForEach_.swift in Sources */,
				110C64E326739E4B00C3E7CF /* Gradients_.swift in Sources */,
				11F0457B2688C53A00C75106 /* DragGestureTwo_.swift in Sources */,
				11A5050326852A6B005FD3B6 /* ScrollView_.swift in Sources */,
				11E053D126BB20B200C5FB75 /* Timer_.swift in Sources */,
				1180A34A269F1D54004E8E85 /* WeakSelf_.swift in Sources */,
				11BF96402689D5BC00EE6697 /* SoundEffects.swift in Sources */,
			);
			runOnlyForDeploymentPostprocessing = 0;
		};
/* End PBXSourcesBuildPhase section */

/* Begin XCBuildConfiguration section */
		110C64D626738B7200C3E7CF /* Debug */ = {
			isa = XCBuildConfiguration;
			buildSettings = {
				ALWAYS_SEARCH_USER_PATHS = NO;
				CLANG_ANALYZER_NONNULL = YES;
				CLANG_ANALYZER_NUMBER_OBJECT_CONVERSION = YES_AGGRESSIVE;
				CLANG_CXX_LANGUAGE_STANDARD = "gnu++14";
				CLANG_CXX_LIBRARY = "libc++";
				CLANG_ENABLE_MODULES = YES;
				CLANG_ENABLE_OBJC_ARC = YES;
				CLANG_ENABLE_OBJC_WEAK = YES;
				CLANG_WARN_BLOCK_CAPTURE_AUTORELEASING = YES;
				CLANG_WARN_BOOL_CONVERSION = YES;
				CLANG_WARN_COMMA = YES;
				CLANG_WARN_CONSTANT_CONVERSION = YES;
				CLANG_WARN_DEPRECATED_OBJC_IMPLEMENTATIONS = YES;
				CLANG_WARN_DIRECT_OBJC_ISA_USAGE = YES_ERROR;
				CLANG_WARN_DOCUMENTATION_COMMENTS = YES;
				CLANG_WARN_EMPTY_BODY = YES;
				CLANG_WARN_ENUM_CONVERSION = YES;
				CLANG_WARN_INFINITE_RECURSION = YES;
				CLANG_WARN_INT_CONVERSION = YES;
				CLANG_WARN_NON_LITERAL_NULL_CONVERSION = YES;
				CLANG_WARN_OBJC_IMPLICIT_RETAIN_SELF = YES;
				CLANG_WARN_OBJC_LITERAL_CONVERSION = YES;
				CLANG_WARN_OBJC_ROOT_CLASS = YES_ERROR;
				CLANG_WARN_QUOTED_INCLUDE_IN_FRAMEWORK_HEADER = YES;
				CLANG_WARN_RANGE_LOOP_ANALYSIS = YES;
				CLANG_WARN_STRICT_PROTOTYPES = YES;
				CLANG_WARN_SUSPICIOUS_MOVE = YES;
				CLANG_WARN_UNGUARDED_AVAILABILITY = YES_AGGRESSIVE;
				CLANG_WARN_UNREACHABLE_CODE = YES;
				CLANG_WARN__DUPLICATE_METHOD_MATCH = YES;
				COPY_PHASE_STRIP = NO;
				DEBUG_INFORMATION_FORMAT = dwarf;
				ENABLE_STRICT_OBJC_MSGSEND = YES;
				ENABLE_TESTABILITY = YES;
				GCC_C_LANGUAGE_STANDARD = gnu11;
				GCC_DYNAMIC_NO_PIC = NO;
				GCC_NO_COMMON_BLOCKS = YES;
				GCC_OPTIMIZATION_LEVEL = 0;
				GCC_PREPROCESSOR_DEFINITIONS = (
					"DEBUG=1",
					"$(inherited)",
				);
				GCC_WARN_64_TO_32_BIT_CONVERSION = YES;
				GCC_WARN_ABOUT_RETURN_TYPE = YES_ERROR;
				GCC_WARN_UNDECLARED_SELECTOR = YES;
				GCC_WARN_UNINITIALIZED_AUTOS = YES_AGGRESSIVE;
				GCC_WARN_UNUSED_FUNCTION = YES;
				GCC_WARN_UNUSED_VARIABLE = YES;
				IPHONEOS_DEPLOYMENT_TARGET = 14.5;
				MTL_ENABLE_DEBUG_INFO = INCLUDE_SOURCE;
				MTL_FAST_MATH = YES;
				ONLY_ACTIVE_ARCH = YES;
				SDKROOT = iphoneos;
				SWIFT_ACTIVE_COMPILATION_CONDITIONS = DEBUG;
				SWIFT_OPTIMIZATION_LEVEL = "-Onone";
			};
			name = Debug;
		};
		110C64D726738B7200C3E7CF /* Release */ = {
			isa = XCBuildConfiguration;
			buildSettings = {
				ALWAYS_SEARCH_USER_PATHS = NO;
				CLANG_ANALYZER_NONNULL = YES;
				CLANG_ANALYZER_NUMBER_OBJECT_CONVERSION = YES_AGGRESSIVE;
				CLANG_CXX_LANGUAGE_STANDARD = "gnu++14";
				CLANG_CXX_LIBRARY = "libc++";
				CLANG_ENABLE_MODULES = YES;
				CLANG_ENABLE_OBJC_ARC = YES;
				CLANG_ENABLE_OBJC_WEAK = YES;
				CLANG_WARN_BLOCK_CAPTURE_AUTORELEASING = YES;
				CLANG_WARN_BOOL_CONVERSION = YES;
				CLANG_WARN_COMMA = YES;
				CLANG_WARN_CONSTANT_CONVERSION = YES;
				CLANG_WARN_DEPRECATED_OBJC_IMPLEMENTATIONS = YES;
				CLANG_WARN_DIRECT_OBJC_ISA_USAGE = YES_ERROR;
				CLANG_WARN_DOCUMENTATION_COMMENTS = YES;
				CLANG_WARN_EMPTY_BODY = YES;
				CLANG_WARN_ENUM_CONVERSION = YES;
				CLANG_WARN_INFINITE_RECURSION = YES;
				CLANG_WARN_INT_CONVERSION = YES;
				CLANG_WARN_NON_LITERAL_NULL_CONVERSION = YES;
				CLANG_WARN_OBJC_IMPLICIT_RETAIN_SELF = YES;
				CLANG_WARN_OBJC_LITERAL_CONVERSION = YES;
				CLANG_WARN_OBJC_ROOT_CLASS = YES_ERROR;
				CLANG_WARN_QUOTED_INCLUDE_IN_FRAMEWORK_HEADER = YES;
				CLANG_WARN_RANGE_LOOP_ANALYSIS = YES;
				CLANG_WARN_STRICT_PROTOTYPES = YES;
				CLANG_WARN_SUSPICIOUS_MOVE = YES;
				CLANG_WARN_UNGUARDED_AVAILABILITY = YES_AGGRESSIVE;
				CLANG_WARN_UNREACHABLE_CODE = YES;
				CLANG_WARN__DUPLICATE_METHOD_MATCH = YES;
				COPY_PHASE_STRIP = NO;
				DEBUG_INFORMATION_FORMAT = "dwarf-with-dsym";
				ENABLE_NS_ASSERTIONS = NO;
				ENABLE_STRICT_OBJC_MSGSEND = YES;
				GCC_C_LANGUAGE_STANDARD = gnu11;
				GCC_NO_COMMON_BLOCKS = YES;
				GCC_WARN_64_TO_32_BIT_CONVERSION = YES;
				GCC_WARN_ABOUT_RETURN_TYPE = YES_ERROR;
				GCC_WARN_UNDECLARED_SELECTOR = YES;
				GCC_WARN_UNINITIALIZED_AUTOS = YES_AGGRESSIVE;
				GCC_WARN_UNUSED_FUNCTION = YES;
				GCC_WARN_UNUSED_VARIABLE = YES;
				IPHONEOS_DEPLOYMENT_TARGET = 14.5;
				MTL_ENABLE_DEBUG_INFO = NO;
				MTL_FAST_MATH = YES;
				SDKROOT = iphoneos;
				SWIFT_COMPILATION_MODE = wholemodule;
				SWIFT_OPTIMIZATION_LEVEL = "-O";
				VALIDATE_PRODUCT = YES;
			};
			name = Release;
		};
		110C64D926738B7200C3E7CF /* Debug */ = {
			isa = XCBuildConfiguration;
			buildSettings = {
				ASSETCATALOG_COMPILER_APPICON_NAME = AppIcon;
				ASSETCATALOG_COMPILER_GLOBAL_ACCENT_COLOR_NAME = AccentColor;
				CODE_SIGN_STYLE = Automatic;
				DEVELOPMENT_ASSET_PATHS = "\"SwiftUI-Bootcamp/Preview Content\"";
				DEVELOPMENT_TEAM = C6DQVPTV2K;
				ENABLE_PREVIEWS = YES;
				INFOPLIST_FILE = "SwiftUI-Bootcamp/Info.plist";
				IPHONEOS_DEPLOYMENT_TARGET = 14.0;
				LD_RUNPATH_SEARCH_PATHS = (
					"$(inherited)",
					"@executable_path/Frameworks",
				);
				PRODUCT_BUNDLE_IDENTIFIER = "uk.co.rickbrown.SwiftUI-Bootcamp";
				PRODUCT_NAME = "$(TARGET_NAME)";
				SWIFT_VERSION = 5.0;
				TARGETED_DEVICE_FAMILY = "1,2";
			};
			name = Debug;
		};
		110C64DA26738B7200C3E7CF /* Release */ = {
			isa = XCBuildConfiguration;
			buildSettings = {
				ASSETCATALOG_COMPILER_APPICON_NAME = AppIcon;
				ASSETCATALOG_COMPILER_GLOBAL_ACCENT_COLOR_NAME = AccentColor;
				CODE_SIGN_STYLE = Automatic;
				DEVELOPMENT_ASSET_PATHS = "\"SwiftUI-Bootcamp/Preview Content\"";
				DEVELOPMENT_TEAM = C6DQVPTV2K;
				ENABLE_PREVIEWS = YES;
				INFOPLIST_FILE = "SwiftUI-Bootcamp/Info.plist";
				IPHONEOS_DEPLOYMENT_TARGET = 14.0;
				LD_RUNPATH_SEARCH_PATHS = (
					"$(inherited)",
					"@executable_path/Frameworks",
				);
				PRODUCT_BUNDLE_IDENTIFIER = "uk.co.rickbrown.SwiftUI-Bootcamp";
				PRODUCT_NAME = "$(TARGET_NAME)";
				SWIFT_VERSION = 5.0;
				TARGETED_DEVICE_FAMILY = "1,2";
			};
			name = Release;
		};
/* End XCBuildConfiguration section */

/* Begin XCConfigurationList section */
		110C64C426738B6F00C3E7CF /* Build configuration list for PBXProject "SwiftUI-Bootcamp" */ = {
			isa = XCConfigurationList;
			buildConfigurations = (
				110C64D626738B7200C3E7CF /* Debug */,
				110C64D726738B7200C3E7CF /* Release */,
			);
			defaultConfigurationIsVisible = 0;
			defaultConfigurationName = Release;
		};
		110C64D826738B7200C3E7CF /* Build configuration list for PBXNativeTarget "SwiftUI-Bootcamp" */ = {
			isa = XCConfigurationList;
			buildConfigurations = (
				110C64D926738B7200C3E7CF /* Debug */,
				110C64DA26738B7200C3E7CF /* Release */,
			);
			defaultConfigurationIsVisible = 0;
			defaultConfigurationName = Release;
		};
/* End XCConfigurationList section */

/* Begin XCVersionGroup section */
		1173A7942696F31B00E24332 /* FruitsContainer.xcdatamodeld */ = {
			isa = XCVersionGroup;
			children = (
				1173A7952696F31B00E24332 /* FruitsContainer.xcdatamodel */,
			);
			currentVersion = 1173A7952696F31B00E24332 /* FruitsContainer.xcdatamodel */;
			path = FruitsContainer.xcdatamodeld;
			sourceTree = "<group>";
			versionGroupType = wrapper.xcdatamodel;
		};
/* End XCVersionGroup section */
	};
	rootObject = 110C64C126738B6F00C3E7CF /* Project object */;
}
